# THIS IS AN AUTOGENERATED FILE. DO NOT EDIT THIS FILE DIRECTLY.
# yarn lockfile v1


vuetify@^2.6.12:
  version "2.6.12"
  resolved "https://registry.yarnpkg.com/vuetify/-/vuetify-2.6.12.tgz#ef1871c720834d53e00fef142b9841a3e8c1a4f9"
  integrity sha512-qe3hcMpWmT1O15tp+p65lOS7UKZ/hQYQktCsw9iXx2u3RwVbX6GR82gY2iROrKsiAzYDvMgrYxWQwY/pUfkekw==
